
Microsoft Visual Studio Solution File, Format Version 12.00
Project("{2150E333-8FDC-42A3-9474-1A3956D46DE8}") = "Host", "Host", "{51773851-3B62-4038-B807-E1C532D08437}"
EndProject
Project("{FAE04EC0-301F-11D3-BF4B-00C04F79EFBC}") = "ApiHost", "src\ApiHost\ApiHost.csproj", "{339D5A94-9A64-45B4-9E83-9E6649211C7E}"
EndProject
Project("{2150E333-8FDC-42A3-9474-1A3956D46DE8}") = "Modules", "Modules", "{F9A2F4B5-0422-4820-9A8A-822AAC7A0B5C}"
EndProject
Project("{2150E333-8FDC-42A3-9474-1A3956D46DE8}") = "Account", "Account", "{BAA1EB4A-D8A2-4201-BDE5-87F459BABE3F}"
EndProject
Project("{FAE04EC0-301F-11D3-BF4B-00C04F79EFBC}") = "Modules.Account", "src\Modules.Account\Modules.Account.csproj", "{6E56AE03-69B9-4A6D-AF6D-D8C42B6B22E9}"
EndProject
Project("{FAE04EC0-301F-11D3-BF4B-00C04F79EFBC}") = "Modules.Account.Core", "src\Modules.Account.Core\Modules.Account.Core.csproj", "{E2FE0BB6-C56F-4826-9BEA-4DA0972E9A1C}"
EndProject
Project("{FAE04EC0-301F-11D3-BF4B-00C04F79EFBC}") = "Modules.Account.Infrastructure", "src\Modules.Account.Infrastructure\Modules.Account.Infrastructure.csproj", "{8C7AF0AA-5300-464A-94EF-5382404AEC4C}"
EndProject
Project("{2150E333-8FDC-42A3-9474-1A3956D46DE8}") = "Tests", "Tests", "{40695FC4-9E8F-4FB0-B546-BA5238D9CCBF}"
EndProject
Project("{FAE04EC0-301F-11D3-BF4B-00C04F79EFBC}") = "Modules.Account.Test", "test\Modules.Account.Test\Modules.Account.Test.csproj", "{CE224371-26D1-4CA3-A084-CA168099DC33}"
EndProject
Project("{2150E333-8FDC-42A3-9474-1A3956D46DE8}") = "Shared", "Shared", "{0F1F4811-3207-49F5-977B-523A7A15E911}"
EndProject
Project("{FAE04EC0-301F-11D3-BF4B-00C04F79EFBC}") = "Shared.Infrastructure", "src\Shared.Infrastructure\Shared.Infrastructure.csproj", "{D8FC87AA-AE04-4111-BA90-C7C3062D130A}"
EndProject
Project("{FAE04EC0-301F-11D3-BF4B-00C04F79EFBC}") = "Shared.Core", "src\Shared.Core\Shared.Core.csproj", "{E77C8197-50EF-455C-B159-992C0D93331B}"
EndProject
Project("{FAE04EC0-301F-11D3-BF4B-00C04F79EFBC}") = "Shared.Models", "src\Shared.Models\Shared.Models.csproj", "{0259AF46-384D-4679-BC9B-46634CCEB881}"
EndProject
Project("{FAE04EC0-301F-11D3-BF4B-00C04F79EFBC}") = "Shared.Test", "test\Shared.Test\Shared.Test.csproj", "{BF52F0A5-086B-4EB0-9CA2-750DD37F5BD7}"
EndProject
Global
	GlobalSection(SolutionConfigurationPlatforms) = preSolution
		Debug|Any CPU = Debug|Any CPU
		Release|Any CPU = Release|Any CPU
	EndGlobalSection
	GlobalSection(NestedProjects) = preSolution
		{339D5A94-9A64-45B4-9E83-9E6649211C7E} = {51773851-3B62-4038-B807-E1C532D08437}
		{BAA1EB4A-D8A2-4201-BDE5-87F459BABE3F} = {F9A2F4B5-0422-4820-9A8A-822AAC7A0B5C}
		{6E56AE03-69B9-4A6D-AF6D-D8C42B6B22E9} = {BAA1EB4A-D8A2-4201-BDE5-87F459BABE3F}
		{E2FE0BB6-C56F-4826-9BEA-4DA0972E9A1C} = {BAA1EB4A-D8A2-4201-BDE5-87F459BABE3F}
		{8C7AF0AA-5300-464A-94EF-5382404AEC4C} = {BAA1EB4A-D8A2-4201-BDE5-87F459BABE3F}
		{CE224371-26D1-4CA3-A084-CA168099DC33} = {40695FC4-9E8F-4FB0-B546-BA5238D9CCBF}
		{D8FC87AA-AE04-4111-BA90-C7C3062D130A} = {0F1F4811-3207-49F5-977B-523A7A15E911}
		{E77C8197-50EF-455C-B159-992C0D93331B} = {0F1F4811-3207-49F5-977B-523A7A15E911}
		{0259AF46-384D-4679-BC9B-46634CCEB881} = {0F1F4811-3207-49F5-977B-523A7A15E911}
		{BF52F0A5-086B-4EB0-9CA2-750DD37F5BD7} = {40695FC4-9E8F-4FB0-B546-BA5238D9CCBF}
	EndGlobalSection
	GlobalSection(ProjectConfigurationPlatforms) = postSolution
		{339D5A94-9A64-45B4-9E83-9E6649211C7E}.Debug|Any CPU.ActiveCfg = Debug|Any CPU
		{339D5A94-9A64-45B4-9E83-9E6649211C7E}.Debug|Any CPU.Build.0 = Debug|Any CPU
		{339D5A94-9A64-45B4-9E83-9E6649211C7E}.Release|Any CPU.ActiveCfg = Release|Any CPU
		{339D5A94-9A64-45B4-9E83-9E6649211C7E}.Release|Any CPU.Build.0 = Release|Any CPU
		{6E56AE03-69B9-4A6D-AF6D-D8C42B6B22E9}.Debug|Any CPU.ActiveCfg = Debug|Any CPU
		{6E56AE03-69B9-4A6D-AF6D-D8C42B6B22E9}.Debug|Any CPU.Build.0 = Debug|Any CPU
		{6E56AE03-69B9-4A6D-AF6D-D8C42B6B22E9}.Release|Any CPU.ActiveCfg = Release|Any CPU
		{6E56AE03-69B9-4A6D-AF6D-D8C42B6B22E9}.Release|Any CPU.Build.0 = Release|Any CPU
		{E2FE0BB6-C56F-4826-9BEA-4DA0972E9A1C}.Debug|Any CPU.ActiveCfg = Debug|Any CPU
		{E2FE0BB6-C56F-4826-9BEA-4DA0972E9A1C}.Debug|Any CPU.Build.0 = Debug|Any CPU
		{E2FE0BB6-C56F-4826-9BEA-4DA0972E9A1C}.Release|Any CPU.ActiveCfg = Release|Any CPU
		{E2FE0BB6-C56F-4826-9BEA-4DA0972E9A1C}.Release|Any CPU.Build.0 = Release|Any CPU
		{8C7AF0AA-5300-464A-94EF-5382404AEC4C}.Debug|Any CPU.ActiveCfg = Debug|Any CPU
		{8C7AF0AA-5300-464A-94EF-5382404AEC4C}.Debug|Any CPU.Build.0 = Debug|Any CPU
		{8C7AF0AA-5300-464A-94EF-5382404AEC4C}.Release|Any CPU.ActiveCfg = Release|Any CPU
		{8C7AF0AA-5300-464A-94EF-5382404AEC4C}.Release|Any CPU.Build.0 = Release|Any CPU
		{CE224371-26D1-4CA3-A084-CA168099DC33}.Debug|Any CPU.ActiveCfg = Debug|Any CPU
		{CE224371-26D1-4CA3-A084-CA168099DC33}.Debug|Any CPU.Build.0 = Debug|Any CPU
		{CE224371-26D1-4CA3-A084-CA168099DC33}.Release|Any CPU.ActiveCfg = Release|Any CPU
		{CE224371-26D1-4CA3-A084-CA168099DC33}.Release|Any CPU.Build.0 = Release|Any CPU
		{D8FC87AA-AE04-4111-BA90-C7C3062D130A}.Debug|Any CPU.ActiveCfg = Debug|Any CPU
		{D8FC87AA-AE04-4111-BA90-C7C3062D130A}.Debug|Any CPU.Build.0 = Debug|Any CPU
		{D8FC87AA-AE04-4111-BA90-C7C3062D130A}.Release|Any CPU.ActiveCfg = Release|Any CPU
		{D8FC87AA-AE04-4111-BA90-C7C3062D130A}.Release|Any CPU.Build.0 = Release|Any CPU
		{E77C8197-50EF-455C-B159-992C0D93331B}.Debug|Any CPU.ActiveCfg = Debug|Any CPU
		{E77C8197-50EF-455C-B159-992C0D93331B}.Debug|Any CPU.Build.0 = Debug|Any CPU
		{E77C8197-50EF-455C-B159-992C0D93331B}.Release|Any CPU.ActiveCfg = Release|Any CPU
		{E77C8197-50EF-455C-B159-992C0D93331B}.Release|Any CPU.Build.0 = Release|Any CPU
		{0259AF46-384D-4679-BC9B-46634CCEB881}.Debug|Any CPU.ActiveCfg = Debug|Any CPU
		{0259AF46-384D-4679-BC9B-46634CCEB881}.Debug|Any CPU.Build.0 = Debug|Any CPU
		{0259AF46-384D-4679-BC9B-46634CCEB881}.Release|Any CPU.ActiveCfg = Release|Any CPU
		{0259AF46-384D-4679-BC9B-46634CCEB881}.Release|Any CPU.Build.0 = Release|Any CPU
		{BF52F0A5-086B-4EB0-9CA2-750DD37F5BD7}.Debug|Any CPU.ActiveCfg = Debug|Any CPU
		{BF52F0A5-086B-4EB0-9CA2-750DD37F5BD7}.Debug|Any CPU.Build.0 = Debug|Any CPU
		{BF52F0A5-086B-4EB0-9CA2-750DD37F5BD7}.Release|Any CPU.ActiveCfg = Release|Any CPU
		{BF52F0A5-086B-4EB0-9CA2-750DD37F5BD7}.Release|Any CPU.Build.0 = Release|Any CPU
	EndGlobalSection
EndGlobal
